
Microsoft Visual Studio Solution File, Format Version 12.00
# Visual Studio Version 17
VisualStudioVersion = 17.3.32922.545
MinimumVisualStudioVersion = 10.0.40219.1
Project("{FAE04EC0-301F-11D3-BF4B-00C04F79EFBC}") = "BookWeb", "BookWeb\BookWeb.csproj", "{0A16EBDE-40D0-4233-A2FB-7D185D60FBFC}"
EndProject
Global
	GlobalSection(SolutionConfigurationPlatforms) = preSolution
		Debug|Any CPU = Debug|Any CPU
		Release|Any CPU = Release|Any CPU
	EndGlobalSection
	GlobalSection(ProjectConfigurationPlatforms) = postSolution
		{0A16EBDE-40D0-4233-A2FB-7D185D60FBFC}.Debug|Any CPU.ActiveCfg = Debug|Any CPU
		{0A16EBDE-40D0-4233-A2FB-7D185D60FBFC}.Debug|Any CPU.Build.0 = Debug|Any CPU
		{0A16EBDE-40D0-4233-A2FB-7D185D60FBFC}.Release|Any CPU.ActiveCfg = Release|Any CPU
		{0A16EBDE-40D0-4233-A2FB-7D185D60FBFC}.Release|Any CPU.Build.0 = Release|Any CPU
	EndGlobalSection
	GlobalSection(SolutionProperties) = preSolution
		HideSolutionNode = FALSE
	EndGlobalSection
	GlobalSection(ExtensibilityGlobals) = postSolution
		SolutionGuid = {35F3A78B-A291-47E0-A92D-E3E0F80EC03C}
	EndGlobalSection
EndGlobal
